PODS:
  - Capacitor (7.0.0):
    - CapacitorCordova
  - CapacitorCordova (7.0.0)
  - OukekCapacitorPhoto (0.0.1):
    - Capacitor

DEPENDENCIES:
  - "Capacitor (from `../../../node_modules/.pnpm/@capacitor+ios@7.0.0_@capacitor+core@7.0.1/node_modules/@capacitor/ios`)"
  - "CapacitorCordova (from `../../../node_modules/.pnpm/@capacitor+ios@7.0.0_@capacitor+core@7.0.1/node_modules/@capacitor/ios`)"
  - OukekCapacitorPhoto (from `../../../packages/photo`)

EXTERNAL SOURCES:
  Capacitor:
    :path: "../../../node_modules/.pnpm/@capacitor+ios@7.0.0_@capacitor+core@7.0.1/node_modules/@capacitor/ios"
  CapacitorCordova:
    :path: "../../../node_modules/.pnpm/@capacitor+ios@7.0.0_@capacitor+core@7.0.1/node_modules/@capacitor/ios"
  OukekCapacitorPhoto:
    :path: "../../../packages/photo"

SPEC CHECKSUMS:
  Capacitor: 82d1f3b4480d66b5996814f74500dcbc0908558c
  CapacitorCordova: 345f93b7edd121db98e4ec20ac94d6d7bcaf7e48
  OukekCapacitorPhoto: be7053696b44c275e835d0742b46ba35a1a770bb

PODFILE CHECKSUM: 58e8dcbb60f9e50709d8b774598635491d5d6a97

COCOAPODS: 1.16.2
