PODS:
  - Capacitor (7.0.0):
    - CapacitorCordova
  - CapacitorApp (7.0.0):
    - Capacitor
  - CapacitorCordova (7.0.0)
  - DYFStore (2.3.0):
    - DYFSwiftRuntimeProvider
  - DYFSwiftRuntimeProvider (2.1.1)
  - OukekCapacitorPay (1.0.0):
    - Capacitor
    - DYFStore
  - OukekCapacitorPhoto (1.0.0):
    - Capacitor

DEPENDENCIES:
  - "Capacitor (from `../../../../node_modules/.pnpm/@capacitor+ios@7.0.0_@capacitor+core@7.0.1/node_modules/@capacitor/ios`)"
  - "CapacitorApp (from `../../../../node_modules/.pnpm/@capacitor+app@7.0.0_@capacitor+core@7.0.1/node_modules/@capacitor/app`)"
  - "CapacitorCordova (from `../../../../node_modules/.pnpm/@capacitor+ios@7.0.0_@capacitor+core@7.0.1/node_modules/@capacitor/ios`)"
  - OukekCapacitorPay (from `../../../../packages/pay`)
  - OukekCapacitorPhoto (from `../../../../packages/photo`)

SPEC REPOS:
  trunk:
    - DYFStore
    - DYFSwiftRuntimeProvider

EXTERNAL SOURCES:
  Capacitor:
    :path: "../../../../node_modules/.pnpm/@capacitor+ios@7.0.0_@capacitor+core@7.0.1/node_modules/@capacitor/ios"
  CapacitorApp:
    :path: "../../../../node_modules/.pnpm/@capacitor+app@7.0.0_@capacitor+core@7.0.1/node_modules/@capacitor/app"
  CapacitorCordova:
    :path: "../../../../node_modules/.pnpm/@capacitor+ios@7.0.0_@capacitor+core@7.0.1/node_modules/@capacitor/ios"
  OukekCapacitorPay:
    :path: "../../../../packages/pay"
  OukekCapacitorPhoto:
    :path: "../../../../packages/photo"

SPEC CHECKSUMS:
  Capacitor: 82d1f3b4480d66b5996814f74500dcbc0908558c
  CapacitorApp: 9cb31064a6c6bb2b1438583733a7bf45557fc1da
  CapacitorCordova: 345f93b7edd121db98e4ec20ac94d6d7bcaf7e48
  DYFStore: 9f771f0c2a93d1713f21f474e2eb57be8102a8da
  DYFSwiftRuntimeProvider: f90dcb2b8c97ff6b5185cc423daf178c7fbcf251
  OukekCapacitorPay: 06933acd81aa7d47a69d1613527fe22a924cee7f
  OukekCapacitorPhoto: 2a29a757842c2368aaab1084ba8998c035a12bca

PODFILE CHECKSUM: 785e4ae1c63c96a13ce0b7f1c79725ce523b6bf0

COCOAPODS: 1.16.2
